<?xml version="1.0" encoding="utf-8"?>
<Project ToolsVersion="4.0" xmlns="http://schemas.microsoft.com/developer/msbuild/2003">
  <ItemGroup>
    <Filter Include="Source Files">
      <UniqueIdentifier>{4FC737F1-C7A5-4376-A066-2A32D752A2FF}</UniqueIdentifier>
      <Extensions>cpp;c;cc;cxx;def;odl;idl;hpj;bat;asm;asmx</Extensions>
    </Filter>
    <Filter Include="Header Files">
      <UniqueIdentifier>{93995380-89BD-4b04-88EB-625FBE52EBFB}</UniqueIdentifier>
      <Extensions>h;hpp;hxx;hm;inl;inc;xsd</Extensions>
    </Filter>
    <Filter Include="Resource Files">
      <UniqueIdentifier>{67DA6AB6-F800-4c08-8B7A-83BB121AAD01}</UniqueIdentifier>
      <Extensions>rc;ico;cur;bmp;dlg;rc2;rct;bin;rgs;gif;jpg;jpeg;jpe;resx;tiff;tif;png;wav</Extensions>
    </Filter>
  </ItemGroup>
  <ItemGroup>
    <ClInclude Include="bl.h">
      <Filter>Header Files</Filter>
    </ClInclude>
    <ClInclude Include="DeviceIO.H">
      <Filter>Header Files</Filter>
    </ClInclude>
    <ClInclude Include="DeviceIOCashDrawer.h">
      <Filter>Header Files</Filter>
    </ClInclude>
    <ClInclude Include="DeviceIOCoin.h">
      <Filter>Header Files</Filter>
    </ClInclude>
    <ClInclude Include="DeviceIODisplay.h">
      <Filter>Header Files</Filter>
    </ClInclude>
    <ClInclude Include="DeviceIOKeylock.h">
      <Filter>Header Files</Filter>
    </ClInclude>
    <ClInclude Include="DeviceIOMSR.h">
      <Filter>Header Files</Filter>
    </ClInclude>
    <ClInclude Include="DeviceIOPcif.h">
      <Filter>Header Files</Filter>
    </ClInclude>
    <ClInclude Include="DeviceIOPrinter.h">
      <Filter>Header Files</Filter>
    </ClInclude>
    <ClInclude Include="DeviceIOScale.h">
      <Filter>Header Files</Filter>
    </ClInclude>
    <ClInclude Include="DeviceIOScanner.h">
      <Filter>Header Files</Filter>
    </ClInclude>
    <ClInclude Include="DeviceIOServerLock.h">
      <Filter>Header Files</Filter>
    </ClInclude>
    <ClInclude Include="ECR.H">
      <Filter>Header Files</Filter>
    </ClInclude>
    <ClInclude Include="EEptTrans.h">
      <Filter>Header Files</Filter>
    </ClInclude>
    <ClInclude Include="Evs.h">
      <Filter>Header Files</Filter>
    </ClInclude>
    <ClInclude Include="FILE.H">
      <Filter>Header Files</Filter>
    </ClInclude>
    <ClInclude Include="FrameworkIO.h">
      <Filter>Header Files</Filter>
    </ClInclude>
    <ClInclude Include="LOG.H">
      <Filter>Header Files</Filter>
    </ClInclude>
    <ClInclude Include="NCRKLOCK.h">
      <Filter>Header Files</Filter>
    </ClInclude>
    <ClInclude Include="NCRPOWER.h">
      <Filter>Header Files</Filter>
    </ClInclude>
    <ClInclude Include="NCRSCOMM.h">
      <Filter>Header Files</Filter>
    </ClInclude>
    <ClInclude Include="NCRSERAL.h">
      <Filter>Header Files</Filter>
    </ClInclude>
    <ClInclude Include="NCRSLOCK.h">
      <Filter>Header Files</Filter>
    </ClInclude>
    <ClInclude Include="NCRSPKER.h">
      <Filter>Header Files</Filter>
    </ClInclude>
    <ClInclude Include="PIF.H">
      <Filter>Header Files</Filter>
    </ClInclude>
    <ClInclude Include="PIFCTL.H">
      <Filter>Header Files</Filter>
    </ClInclude>
    <ClInclude Include="PIFNET.H">
      <Filter>Header Files</Filter>
    </ClInclude>
    <ClInclude Include="PIFTABLE.H">
      <Filter>Header Files</Filter>
    </ClInclude>
    <ClInclude Include="plulog.h">
      <Filter>Header Files</Filter>
    </ClInclude>
    <ClInclude Include="PluTtlD.H">
      <Filter>Header Files</Filter>
    </ClInclude>
    <ClInclude Include="pmg.h">
      <Filter>Header Files</Filter>
    </ClInclude>
    <ClInclude Include="PrinterCaps.h">
      <Filter>Header Files</Filter>
    </ClInclude>
    <ClInclude Include="rfl.h">
      <Filter>Header Files</Filter>
    </ClInclude>
    <ClInclude Include="SCF.H">
      <Filter>Header Files</Filter>
    </ClInclude>
    <ClInclude Include="security.h">
      <Filter>Header Files</Filter>
    </ClInclude>
    <ClInclude Include="ServerProc.h">
      <Filter>Header Files</Filter>
    </ClInclude>
    <ClInclude Include="TALLY.H">
      <Filter>Header Files</Filter>
    </ClInclude>
    <ClInclude Include="termcfg.h">
      <Filter>Header Files</Filter>
    </ClInclude>
    <ClInclude Include="unicodeFixes.h">
      <Filter>Header Files</Filter>
    </ClInclude>
    <ClInclude Include="vos.h">
      <Filter>Header Files</Filter>
    </ClInclude>
    <ClInclude Include="versioninfo.h">
      <Filter>Header Files</Filter>
    </ClInclude>
  </ItemGroup>
</Project>