<?xml version="1.0" encoding="utf-8"?>
<Project ToolsVersion="4.0" xmlns="http://schemas.microsoft.com/developer/msbuild/2003">
  <ItemGroup>
    <Filter Include="Source Files">
      <UniqueIdentifier>{55814ad4-4aae-4125-bfbd-ae4f2a37a6e4}</UniqueIdentifier>
      <Extensions>cpp;c;cxx;rc;def;r;odl;idl;hpj;bat</Extensions>
    </Filter>
    <Filter Include="Header Files">
      <UniqueIdentifier>{f0d755ad-a200-405f-991d-dc34cbee8637}</UniqueIdentifier>
      <Extensions>h;hpp;hxx;hm;inl</Extensions>
    </Filter>
    <Filter Include="Resource Files">
      <UniqueIdentifier>{f733770a-f016-4851-bb0a-b0183d23d06e}</UniqueIdentifier>
      <Extensions>ico;cur;bmp;dlg;rc2;rct;bin;rgs;gif;jpg;jpeg;jpe</Extensions>
    </Filter>
  </ItemGroup>
  <ItemGroup>
    <ClCompile Include="Crypto.cpp">
      <Filter>Source Files</Filter>
    </ClCompile>
    <ClCompile Include="DeviceConfig.cpp">
      <Filter>Source Files</Filter>
    </ClCompile>
    <ClCompile Include="DeviceConfigDlg.cpp">
      <Filter>Source Files</Filter>
    </ClCompile>
    <ClCompile Include="DialogDeviceList.cpp">
      <Filter>Source Files</Filter>
    </ClCompile>
    <ClCompile Include="DialogDisconnectedSatParams.cpp">
      <Filter>Source Files</Filter>
    </ClCompile>
    <ClCompile Include="DialogInitialReset.cpp">
      <Filter>Source Files</Filter>
    </ClCompile>
    <ClCompile Include="DialogOptions.cpp">
      <Filter>Source Files</Filter>
    </ClCompile>
    <ClCompile Include="DialogOptionValue.cpp">
      <Filter>Source Files</Filter>
    </ClCompile>
    <ClCompile Include="DialogPortSettings.cpp">
      <Filter>Source Files</Filter>
    </ClCompile>
    <ClCompile Include="dragdropDlg.cpp">
      <Filter>Source Files</Filter>
    </ClCompile>
    <ClCompile Include="MsxmlWrapper.cpp">
      <Filter>Source Files</Filter>
    </ClCompile>
    <ClCompile Include="MyDropTarget.cpp">
      <Filter>Source Files</Filter>
    </ClCompile>
    <ClCompile Include="MySourceData.cpp">
      <Filter>Source Files</Filter>
    </ClCompile>
    <ClCompile Include="NetworkPortDlg.cpp">
      <Filter>Source Files</Filter>
    </ClCompile>
    <ClCompile Include="OPOSDlg.cpp">
      <Filter>Source Files</Filter>
    </ClCompile>
    <ClCompile Include="OposPinPadOptions.cpp">
      <Filter>Source Files</Filter>
    </ClCompile>
    <ClCompile Include="oposposprinter.cpp">
      <Filter>Source Files</Filter>
    </ClCompile>
    <ClCompile Include="OPOSTestDlg.cpp">
      <Filter>Source Files</Filter>
    </ClCompile>
    <ClCompile Include="PluUtilities.cpp">
      <Filter>Source Files</Filter>
    </ClCompile>
    <ClCompile Include="SaveWindow.cpp">
      <Filter>Source Files</Filter>
    </ClCompile>
    <ClCompile Include="ScfInterface.cpp">
      <Filter>Source Files</Filter>
    </ClCompile>
    <ClCompile Include="ScfList.cpp">
      <Filter>Source Files</Filter>
    </ClCompile>
    <ClCompile Include="ScfParameters.cpp">
      <Filter>Source Files</Filter>
    </ClCompile>
    <ClCompile Include="SecretNumberDlg.cpp">
      <Filter>Source Files</Filter>
    </ClCompile>
    <ClCompile Include="ShortCut.cpp">
      <Filter>Source Files</Filter>
    </ClCompile>
    <ClCompile Include="SPassWd.cpp">
      <Filter>Source Files</Filter>
    </ClCompile>
    <ClCompile Include="StdAfx.cpp">
      <Filter>Source Files</Filter>
    </ClCompile>
    <ClCompile Include="TestDlg.cpp">
      <Filter>Source Files</Filter>
    </ClCompile>
  </ItemGroup>
  <ItemGroup>
    <ResourceCompile Include="DeviceConfig.rc">
      <Filter>Source Files</Filter>
    </ResourceCompile>
  </ItemGroup>
  <ItemGroup>
    <ClInclude Include="Crypto.h">
      <Filter>Header Files</Filter>
    </ClInclude>
    <ClInclude Include="DeviceConfig.h">
      <Filter>Header Files</Filter>
    </ClInclude>
    <ClInclude Include="DeviceConfigDlg.h">
      <Filter>Header Files</Filter>
    </ClInclude>
    <ClInclude Include="DialogDeviceList.h">
      <Filter>Header Files</Filter>
    </ClInclude>
    <ClInclude Include="DialogDisconnectedSatParams.h">
      <Filter>Header Files</Filter>
    </ClInclude>
    <ClInclude Include="DialogInitialReset.h">
      <Filter>Header Files</Filter>
    </ClInclude>
    <ClInclude Include="DialogOptions.h">
      <Filter>Header Files</Filter>
    </ClInclude>
    <ClInclude Include="DialogOptionValue.h">
      <Filter>Header Files</Filter>
    </ClInclude>
    <ClInclude Include="DialogPortSettings.h">
      <Filter>Header Files</Filter>
    </ClInclude>
    <ClInclude Include="dragdropDlg.h">
      <Filter>Header Files</Filter>
    </ClInclude>
    <ClInclude Include="MsxmlWrapper.h">
      <Filter>Header Files</Filter>
    </ClInclude>
    <ClInclude Include="MyDropTarget.h">
      <Filter>Header Files</Filter>
    </ClInclude>
    <ClInclude Include="MySourceData.h">
      <Filter>Header Files</Filter>
    </ClInclude>
    <ClInclude Include="NetworkPortDlg.h">
      <Filter>Header Files</Filter>
    </ClInclude>
    <ClInclude Include="OPOSDlg.h">
      <Filter>Header Files</Filter>
    </ClInclude>
    <ClInclude Include="OposPinPadOptions.h">
      <Filter>Header Files</Filter>
    </ClInclude>
    <ClInclude Include="oposposprinter.h">
      <Filter>Header Files</Filter>
    </ClInclude>
    <ClInclude Include="OPOSTestDlg.h">
      <Filter>Header Files</Filter>
    </ClInclude>
    <ClInclude Include="PluUtilities.h">
      <Filter>Header Files</Filter>
    </ClInclude>
    <ClInclude Include="Resource.h">
      <Filter>Header Files</Filter>
    </ClInclude>
    <ClInclude Include="SaveWindow.h">
      <Filter>Header Files</Filter>
    </ClInclude>
    <ClInclude Include="ScfInterface.h">
      <Filter>Header Files</Filter>
    </ClInclude>
    <ClInclude Include="ScfList.h">
      <Filter>Header Files</Filter>
    </ClInclude>
    <ClInclude Include="ScfParameters.h">
      <Filter>Header Files</Filter>
    </ClInclude>
    <ClInclude Include="SecretNumberDlg.h">
      <Filter>Header Files</Filter>
    </ClInclude>
    <ClInclude Include="ShortCut.h">
      <Filter>Header Files</Filter>
    </ClInclude>
    <ClInclude Include="SPassWd.h">
      <Filter>Header Files</Filter>
    </ClInclude>
    <ClInclude Include="StdAfx.h">
      <Filter>Header Files</Filter>
    </ClInclude>
    <ClInclude Include="TestDlg.h">
      <Filter>Header Files</Filter>
    </ClInclude>
  </ItemGroup>
  <ItemGroup>
    <None Include="res\cursor1.cur">
      <Filter>Resource Files</Filter>
    </None>
    <None Include="res\DeviceConfig.rc2">
      <Filter>Resource Files</Filter>
    </None>
  </ItemGroup>
  <ItemGroup>
    <Image Include="res\device_blank.ico">
      <Filter>Resource Files</Filter>
    </Image>
    <Image Include="res\device_cd.ico">
      <Filter>Resource Files</Filter>
    </Image>
    <Image Include="res\device_drive.ico">
      <Filter>Resource Files</Filter>
    </Image>
    <Image Include="res\device_floppy.ico">
      <Filter>Resource Files</Filter>
    </Image>
    <Image Include="res\DeviceConfig.ico">
      <Filter>Resource Files</Filter>
    </Image>
    <Image Include="res\folder.ico">
      <Filter>Resource Files</Filter>
    </Image>
    <Image Include="res\ico22.ico">
      <Filter>Resource Files</Filter>
    </Image>
    <Image Include="res\ico23.ico">
      <Filter>Resource Files</Filter>
    </Image>
    <Image Include="res\ico24.ico">
      <Filter>Resource Files</Filter>
    </Image>
    <Image Include="res\ico25.ico">
      <Filter>Resource Files</Filter>
    </Image>
    <Image Include="res\ico26.ico">
      <Filter>Resource Files</Filter>
    </Image>
  </ItemGroup>
  <ItemGroup>
    <Manifest Include="DeviceConfig.manifest" />
  </ItemGroup>
  <ItemGroup>
    <Text Include="ReadMe.txt" />
  </ItemGroup>
  <ItemGroup>
    <CustomBuild Include="DeviceConfig.txt" />
  </ItemGroup>
</Project>