<?xml version="1.0" encoding="utf-8"?>
<Project ToolsVersion="4.0" xmlns="http://schemas.microsoft.com/developer/msbuild/2003">
  <ItemGroup>
    <Filter Include="Source Files">
      <UniqueIdentifier>{73fac2bc-3f69-4bff-81c3-dea8205e4957}</UniqueIdentifier>
      <Extensions>cpp;c;cxx;rc;def;r;odl;idl;hpj;bat</Extensions>
    </Filter>
    <Filter Include="Header Files">
      <UniqueIdentifier>{cb5c337b-ce41-4c33-901b-f16457724f24}</UniqueIdentifier>
      <Extensions>h;hpp;hxx;hm;inl</Extensions>
    </Filter>
    <Filter Include="Resource Files">
      <UniqueIdentifier>{afccd16f-b260-4963-8049-7dba4b427559}</UniqueIdentifier>
      <Extensions>ico;cur;bmp;dlg;rc2;rct;bin;rgs;gif;jpg;jpeg;jpe</Extensions>
    </Filter>
    <Filter Include="WebPages">
      <UniqueIdentifier>{4dbeeeaf-ed1f-4989-9b1a-5adb3414edd8}</UniqueIdentifier>
    </Filter>
  </ItemGroup>
  <ItemGroup>
    <ClCompile Include="AsyncSockListen.cpp">
      <Filter>Source Files</Filter>
    </ClCompile>
    <ClCompile Include="AsyncSockRequest.cpp">
      <Filter>Source Files</Filter>
    </ClCompile>
    <ClCompile Include="DocumentRequest.cpp">
      <Filter>Source Files</Filter>
    </ClCompile>
    <ClCompile Include="httpserver.cpp">
      <Filter>Source Files</Filter>
    </ClCompile>
    <ClCompile Include="ServerThread.cpp">
      <Filter>Source Files</Filter>
    </ClCompile>
    <ClCompile Include="StdAfx.cpp">
      <Filter>Source Files</Filter>
    </ClCompile>
  </ItemGroup>
  <ItemGroup>
    <None Include="httpserver.def">
      <Filter>Source Files</Filter>
    </None>
    <None Include="res\httpserver.rc2">
      <Filter>Resource Files</Filter>
    </None>
    <None Include="..\WEB\index.html">
      <Filter>WebPages</Filter>
    </None>
    <None Include="..\WEB\preauth.html">
      <Filter>WebPages</Filter>
    </None>
    <None Include="..\WEB\standard.css">
      <Filter>WebPages</Filter>
    </None>
    <None Include="..\WEB\standard.js">
      <Filter>WebPages</Filter>
    </None>
    <None Include="..\WEB\storeforward.html">
      <Filter>WebPages</Filter>
    </None>
    <None Include="..\WEB\systemstatus.html">
      <Filter>WebPages</Filter>
    </None>
    <None Include="rfc2616.wri" />
  </ItemGroup>
  <ItemGroup>
    <ResourceCompile Include="httpserver.rc">
      <Filter>Source Files</Filter>
    </ResourceCompile>
  </ItemGroup>
  <ItemGroup>
    <ClInclude Include="AsyncSockListen.h">
      <Filter>Header Files</Filter>
    </ClInclude>
    <ClInclude Include="AsyncSockRequest.h">
      <Filter>Header Files</Filter>
    </ClInclude>
    <ClInclude Include="DocumentRequest.h">
      <Filter>Header Files</Filter>
    </ClInclude>
    <ClInclude Include="httpserver.h">
      <Filter>Header Files</Filter>
    </ClInclude>
    <ClInclude Include="Resource.h">
      <Filter>Header Files</Filter>
    </ClInclude>
    <ClInclude Include="ServerThread.h">
      <Filter>Header Files</Filter>
    </ClInclude>
    <ClInclude Include="StdAfx.h">
      <Filter>Header Files</Filter>
    </ClInclude>
  </ItemGroup>
  <ItemGroup>
    <Text Include="ReadMe.txt" />
  </ItemGroup>
</Project>