<?xml version="1.0" encoding="utf-8"?>
<Project ToolsVersion="4.0" xmlns="http://schemas.microsoft.com/developer/msbuild/2003">
  <ItemGroup>
    <Filter Include="Source Files">
      <UniqueIdentifier>{068f0c4c-d8f3-4009-a736-a89821ba92a2}</UniqueIdentifier>
      <Extensions>cpp;c;cxx;rc;def;r;odl;idl;hpj;bat</Extensions>
    </Filter>
    <Filter Include="Header Files">
      <UniqueIdentifier>{cedad02c-961d-4c3d-9872-dcdddada94c5}</UniqueIdentifier>
      <Extensions>h;hpp;hxx;hm;inl</Extensions>
    </Filter>
    <Filter Include="Resource Files">
      <UniqueIdentifier>{e9c6778c-ca4c-48e6-91e2-af1563ba5c4e}</UniqueIdentifier>
      <Extensions>ico;cur;bmp;dlg;rc2;rct;bin;rgs;gif;jpg;jpeg;jpe</Extensions>
    </Filter>
  </ItemGroup>
  <ItemGroup>
    <ResourceCompile Include="Device7158Printer\Device7158Printer.rc">
      <Filter>Source Files</Filter>
    </ResourceCompile>
  </ItemGroup>
  <ItemGroup>
    <ClCompile Include="Device71xxPrinter.cpp">
      <Filter>Source Files</Filter>
    </ClCompile>
    <ClCompile Include="DeviceCaps.cpp">
      <Filter>Source Files</Filter>
    </ClCompile>
    <ClCompile Include="ESCPCLOS.cpp">
      <Filter>Source Files</Filter>
    </ClCompile>
    <ClCompile Include="ESCPCNTL.cpp">
      <Filter>Source Files</Filter>
    </ClCompile>
    <ClCompile Include="ESCPFIFO.cpp">
      <Filter>Source Files</Filter>
    </ClCompile>
    <ClCompile Include="ESCPINIT.cpp">
      <Filter>Source Files</Filter>
    </ClCompile>
    <ClCompile Include="ESCPOPEN.cpp">
      <Filter>Source Files</Filter>
    </ClCompile>
    <ClCompile Include="ESCPREAD.cpp">
      <Filter>Source Files</Filter>
    </ClCompile>
    <ClCompile Include="ESCPWRIT.cpp">
      <Filter>Source Files</Filter>
    </ClCompile>
    <ClCompile Include="pmgcmn.cpp">
      <Filter>Source Files</Filter>
    </ClCompile>
    <ClCompile Include="Pmgif.cpp">
      <Filter>Source Files</Filter>
    </ClCompile>
    <ClCompile Include="PMGRCV.cpp">
      <Filter>Source Files</Filter>
    </ClCompile>
    <ClCompile Include="pmgsend.cpp">
      <Filter>Source Files</Filter>
    </ClCompile>
    <ClCompile Include="StdAfx.cpp">
      <Filter>Source Files</Filter>
    </ClCompile>
  </ItemGroup>
  <ItemGroup>
    <ClInclude Include="Device71xxPrinter.h">
      <Filter>Header Files</Filter>
    </ClInclude>
    <ClInclude Include="DeviceCaps.h">
      <Filter>Header Files</Filter>
    </ClInclude>
    <ClInclude Include="DevPmg.h">
      <Filter>Header Files</Filter>
    </ClInclude>
    <ClInclude Include="ESCP.H">
      <Filter>Header Files</Filter>
    </ClInclude>
    <ClInclude Include="PMGCMN.H">
      <Filter>Header Files</Filter>
    </ClInclude>
    <ClInclude Include="Pmgif.h">
      <Filter>Header Files</Filter>
    </ClInclude>
    <ClInclude Include="PMGRCV.H">
      <Filter>Header Files</Filter>
    </ClInclude>
    <ClInclude Include="PMGSEND.H">
      <Filter>Header Files</Filter>
    </ClInclude>
    <ClInclude Include="printio.h">
      <Filter>Header Files</Filter>
    </ClInclude>
    <ClInclude Include="Device7158Printer\resource.h">
      <Filter>Header Files</Filter>
    </ClInclude>
    <ClInclude Include="StdAfx.h">
      <Filter>Header Files</Filter>
    </ClInclude>
  </ItemGroup>
  <ItemGroup>
    <Text Include="ReadMe.txt" />
  </ItemGroup>
  <ItemGroup>
    <CustomBuild Include="Device7158Printer\Device7158Printer.def">
      <Filter>Source Files</Filter>
    </CustomBuild>
    <CustomBuild Include="Device7158Printer\res\Device7158Printer.rc2">
      <Filter>Resource Files</Filter>
    </CustomBuild>
  </ItemGroup>
</Project>