<?xml version="1.0" encoding="utf-8"?>
<Project ToolsVersion="4.0" xmlns="http://schemas.microsoft.com/developer/msbuild/2003">
  <ItemGroup>
    <Filter Include="Source Files">
      <UniqueIdentifier>{2ff42749-cd98-4f52-9ec0-0260262269c4}</UniqueIdentifier>
      <Extensions>cpp;c;cxx;rc;def;r;odl;idl;hpj;bat</Extensions>
    </Filter>
    <Filter Include="Header Files">
      <UniqueIdentifier>{c70b3451-ef21-4762-8e5b-50b902f32a8e}</UniqueIdentifier>
      <Extensions>h;hpp;hxx;hm;inl</Extensions>
    </Filter>
  </ItemGroup>
  <ItemGroup>
    <ClCompile Include="cpmerrtl.c">
      <Filter>Source Files</Filter>
    </ClCompile>
    <ClCompile Include="cpmhostif.c">
      <Filter>Source Files</Filter>
    </ClCompile>
    <ClCompile Include="cpmif.c">
      <Filter>Source Files</Filter>
    </ClCompile>
    <ClCompile Include="cpmnet.c">
      <Filter>Source Files</Filter>
    </ClCompile>
    <ClCompile Include="cpmrcv.c">
      <Filter>Source Files</Filter>
    </ClCompile>
    <ClCompile Include="cpmsend.c">
      <Filter>Source Files</Filter>
    </ClCompile>
    <ClCompile Include="cpmsub.c">
      <Filter>Source Files</Filter>
    </ClCompile>
  </ItemGroup>
  <ItemGroup>
    <ClInclude Include="cpmlocal.h">
      <Filter>Header Files</Filter>
    </ClInclude>
  </ItemGroup>
</Project>