<?xml version="1.0" encoding="utf-8"?>
<Project ToolsVersion="4.0" xmlns="http://schemas.microsoft.com/developer/msbuild/2003">
  <ItemGroup>
    <Filter Include="Source Files">
      <UniqueIdentifier>{46cb96d3-9619-4bce-963a-85364a5003b2}</UniqueIdentifier>
      <Extensions>cpp;c;cxx;rc;def;r;odl;idl;hpj;bat</Extensions>
    </Filter>
    <Filter Include="Header Files">
      <UniqueIdentifier>{cec504a7-d4dd-4ca6-bc36-e39bff0f5404}</UniqueIdentifier>
      <Extensions>h;hpp;hxx;hm;inl</Extensions>
    </Filter>
    <Filter Include="Resource Files">
      <UniqueIdentifier>{c606f5e1-a689-412c-ac77-6710c2648ab5}</UniqueIdentifier>
      <Extensions>ico;cur;bmp;dlg;rc2;rct;bin;rgs;gif;jpg;jpeg;jpe</Extensions>
    </Filter>
  </ItemGroup>
  <ItemGroup>
    <ClCompile Include="activeformx.cpp">
      <Filter>Source Files</Filter>
    </ClCompile>
    <ClCompile Include="PEPControl.cpp">
      <Filter>Source Files</Filter>
    </ClCompile>
    <ClCompile Include="SECControl.cpp">
      <Filter>Source Files</Filter>
    </ClCompile>
    <ClCompile Include="softlocx6.cpp">
      <Filter>Source Files</Filter>
    </ClCompile>
    <ClCompile Include="StdAfx.cpp">
      <Filter>Source Files</Filter>
    </ClCompile>
  </ItemGroup>
  <ItemGroup>
    <None Include="res\PEPControl.rc2">
      <Filter>Resource Files</Filter>
    </None>
  </ItemGroup>
  <ItemGroup>
    <ResourceCompile Include="PEPControl.rc">
      <Filter>Source Files</Filter>
    </ResourceCompile>
  </ItemGroup>
  <ItemGroup>
    <ClInclude Include="activeformx.h">
      <Filter>Header Files</Filter>
    </ClInclude>
    <ClInclude Include="..\INCLUDE\Controls.h">
      <Filter>Header Files</Filter>
    </ClInclude>
    <ClInclude Include="PEPControl.h">
      <Filter>Header Files</Filter>
    </ClInclude>
    <ClInclude Include="Resource.h">
      <Filter>Header Files</Filter>
    </ClInclude>
    <ClInclude Include="SECControl.h">
      <Filter>Header Files</Filter>
    </ClInclude>
    <ClInclude Include="softlocx6.h">
      <Filter>Header Files</Filter>
    </ClInclude>
    <ClInclude Include="StdAfx.h">
      <Filter>Header Files</Filter>
    </ClInclude>
  </ItemGroup>
  <ItemGroup>
    <Text Include="ReadMe.txt" />
  </ItemGroup>
  <ItemGroup>
    <CustomBuild Include="PEPControl.def">
      <Filter>Source Files</Filter>
    </CustomBuild>
  </ItemGroup>
</Project>