<?xml version="1.0" encoding="utf-8"?>
<Project ToolsVersion="4.0" xmlns="http://schemas.microsoft.com/developer/msbuild/2003">
  <ItemGroup>
    <Filter Include="Source Files">
      <UniqueIdentifier>{a668b0f5-c7bc-45ec-9d50-498f3963ca2e}</UniqueIdentifier>
      <Extensions>cpp;c;cxx;rc;def;r;odl;idl;hpj;bat</Extensions>
    </Filter>
    <Filter Include="Header Files">
      <UniqueIdentifier>{f458c2d1-9882-41fc-942a-3ea1db826e3a}</UniqueIdentifier>
      <Extensions>h;hpp;hxx;hm;inl</Extensions>
    </Filter>
  </ItemGroup>
  <ItemGroup>
    <ClCompile Include="rfl3to4.c">
      <Filter>Source Files</Filter>
    </ClCompile>
    <ClCompile Include="RFLBCD.C">
      <Filter>Source Files</Filter>
    </ClCompile>
    <ClCompile Include="RFLBSER.C">
      <Filter>Source Files</Filter>
    </ClCompile>
    <ClCompile Include="Rfllabel.c">
      <Filter>Source Files</Filter>
    </ClCompile>
    <ClCompile Include="RFLPLU.C">
      <Filter>Source Files</Filter>
    </ClCompile>
    <ClCompile Include="rflrandm.c">
      <Filter>Source Files</Filter>
    </ClCompile>
    <ClCompile Include="rflRSSVAR.c">
      <Filter>Source Files</Filter>
    </ClCompile>
  </ItemGroup>
  <ItemGroup>
    <ClInclude Include="Rfllabel.h">
      <Filter>Header Files</Filter>
    </ClInclude>
  </ItemGroup>
</Project>