<?xml version="1.0" encoding="utf-8"?>
<Project ToolsVersion="4.0" xmlns="http://schemas.microsoft.com/developer/msbuild/2003">
  <ItemGroup>
    <Filter Include="Source Files">
      <UniqueIdentifier>{27191a36-af85-481a-b503-3abaa567381d}</UniqueIdentifier>
      <Extensions>cpp;c;cxx;rc;def;r;odl;idl;hpj;bat</Extensions>
    </Filter>
    <Filter Include="Header Files">
      <UniqueIdentifier>{9022ff94-a549-4e4a-9e7a-b6d3b4a87230}</UniqueIdentifier>
      <Extensions>h;hpp;hxx;hm;inl</Extensions>
    </Filter>
  </ItemGroup>
  <ItemGroup>
    <ClCompile Include="RPTEXEC.C">
      <Filter>Source Files</Filter>
    </ClCompile>
    <ClCompile Include="RPTFILE.C">
      <Filter>Source Files</Filter>
    </ClCompile>
  </ItemGroup>
  <ItemGroup>
    <ClInclude Include="REPORTL.H">
      <Filter>Header Files</Filter>
    </ClInclude>
  </ItemGroup>
</Project>