<?xml version="1.0" encoding="utf-8"?>
<Project ToolsVersion="4.0" xmlns="http://schemas.microsoft.com/developer/msbuild/2003">
  <ItemGroup>
    <Filter Include="Source Files">
      <UniqueIdentifier>{8ec48069-4305-43b2-b032-5e0b510bd8fb}</UniqueIdentifier>
      <Extensions>cpp;c;cxx;rc;def;r;odl;idl;hpj;bat</Extensions>
    </Filter>
    <Filter Include="Header Files">
      <UniqueIdentifier>{14dcb649-9ce2-4735-986d-b70978d6ddac}</UniqueIdentifier>
      <Extensions>h;hpp;hxx;hm;inl</Extensions>
    </Filter>
    <Filter Include="Resource Files">
      <UniqueIdentifier>{1247061e-7cce-4b47-a831-ef38bf8617e9}</UniqueIdentifier>
      <Extensions>ico;cur;bmp;dlg;rc2;rct;bin;rgs;gif;jpg;jpeg;jpe</Extensions>
    </Filter>
    <Filter Include="PARAM_Database">
      <UniqueIdentifier>{de7b6ce2-8242-4d9f-bbb4-4ea1d78c55d0}</UniqueIdentifier>
    </Filter>
  </ItemGroup>
  <ItemGroup>
    <ClCompile Include="BusinessLogic.c">
      <Filter>Source Files</Filter>
    </ClCompile>
    <ClCompile Include="ConnEngineObjectIf.c">
      <Filter>Source Files</Filter>
    </ClCompile>
    <ClCompile Include="DataQuery.c">
      <Filter>Source Files</Filter>
    </ClCompile>
    <ClCompile Include="FrameworkIf.c">
      <Filter>Source Files</Filter>
    </ClCompile>
    <ClCompile Include="ObjectMaker.c">
      <Filter>Source Files</Filter>
    </ClCompile>
    <ClCompile Include="pifmain.c">
      <Filter>Source Files</Filter>
    </ClCompile>
  </ItemGroup>
  <ItemGroup>
    <None Include="PARAMIMG">
      <Filter>PARAM_Database</Filter>
    </None>
    <None Include="PARAMINI">
      <Filter>PARAM_Database</Filter>
    </None>
    <None Include="PARAMTDR">
      <Filter>PARAM_Database</Filter>
    </None>
  </ItemGroup>
  <ItemGroup>
    <ResourceCompile Include="BusinessLogic.rc">
      <Filter>Source Files</Filter>
    </ResourceCompile>
  </ItemGroup>
  <ItemGroup>
    <ClInclude Include="..\INCLUDE\bl.h">
      <Filter>Header Files</Filter>
    </ClInclude>
    <ClInclude Include="ObjectMaker.h">
      <Filter>Header Files</Filter>
    </ClInclude>
    <ClInclude Include="resource.h">
      <Filter>Header Files</Filter>
    </ClInclude>
  </ItemGroup>
  <ItemGroup>
    <Image Include="bitmap1.bmp">
      <Filter>Resource Files</Filter>
    </Image>
  </ItemGroup>
  <ItemGroup>
    <CustomBuild Include="BusinessLogic.def">
      <Filter>Source Files</Filter>
    </CustomBuild>
  </ItemGroup>
</Project>