<?xml version="1.0" encoding="utf-8"?>
<Project ToolsVersion="4.0" xmlns="http://schemas.microsoft.com/developer/msbuild/2003">
  <ItemGroup>
    <Filter Include="Source Files">
      <UniqueIdentifier>{e77de6d5-d8b0-448f-80a3-14eb351d38df}</UniqueIdentifier>
      <Extensions>cpp;c;cxx;rc;def;r;odl;idl;hpj;bat</Extensions>
    </Filter>
    <Filter Include="Header Files">
      <UniqueIdentifier>{56d07a9b-6d16-4d05-8206-708367ce519b}</UniqueIdentifier>
      <Extensions>h;hpp;hxx;hm;inl</Extensions>
    </Filter>
  </ItemGroup>
  <ItemGroup>
    <ClCompile Include="LAYOUTFILE.C">
      <Filter>Source Files</Filter>
    </ClCompile>
    <ClCompile Include="LAYOUTMNGREXEC.C">
      <Filter>Source Files</Filter>
    </ClCompile>
  </ItemGroup>
  <ItemGroup>
    <ClInclude Include="LAYOUTL.H">
      <Filter>Header Files</Filter>
    </ClInclude>
  </ItemGroup>
</Project>