<?xml version="1.0" encoding="utf-8"?>
<Project ToolsVersion="4.0" xmlns="http://schemas.microsoft.com/developer/msbuild/2003">
  <ItemGroup>
    <Filter Include="Source Files">
      <UniqueIdentifier>{4FC737F1-C7A5-4376-A066-2A32D752A2FF}</UniqueIdentifier>
      <Extensions>cpp;c;cc;cxx;def;odl;idl;hpj;bat;asm;asmx</Extensions>
    </Filter>
    <Filter Include="Header Files">
      <UniqueIdentifier>{93995380-89BD-4b04-88EB-625FBE52EBFB}</UniqueIdentifier>
      <Extensions>h;hpp;hxx;hm;inl;inc;xsd</Extensions>
    </Filter>
    <Filter Include="Resource Files">
      <UniqueIdentifier>{67DA6AB6-F800-4c08-8B7A-83BB121AAD01}</UniqueIdentifier>
      <Extensions>rc;ico;cur;bmp;dlg;rc2;rct;bin;rgs;gif;jpg;jpeg;jpe;resx;tiff;tif;png;wav</Extensions>
    </Filter>
    <Filter Include="ConnectEngine">
      <UniqueIdentifier>{e6e8fdec-fb98-4196-9e9d-358001ffe99b}</UniqueIdentifier>
    </Filter>
  </ItemGroup>
  <ItemGroup>
    <ClCompile Include="CashierNoDlg.cpp">
      <Filter>Source Files</Filter>
    </ClCompile>
    <ClCompile Include="DateTimeDlg.cpp">
      <Filter>Source Files</Filter>
    </ClCompile>
    <ClCompile Include="DeptNoDlg.cpp">
      <Filter>Source Files</Filter>
    </ClCompile>
    <ClCompile Include="DiaCashierAddEdit.cpp">
      <Filter>Source Files</Filter>
    </ClCompile>
    <ClCompile Include="DiaCashierEdit.cpp">
      <Filter>Source Files</Filter>
    </ClCompile>
    <ClCompile Include="GCNoDlg.cpp">
      <Filter>Source Files</Filter>
    </ClCompile>
    <ClCompile Include="GlobalFunction.cpp">
      <Filter>Source Files</Filter>
    </ClCompile>
    <ClCompile Include="GuestCheck.cpp">
      <Filter>Source Files</Filter>
    </ClCompile>
    <ClCompile Include="LanDlg.cpp">
      <Filter>Source Files</Filter>
    </ClCompile>
    <ClCompile Include="LogonDlg.cpp">
      <Filter>Source Files</Filter>
    </ClCompile>
    <ClCompile Include="MainFrm.cpp">
      <Filter>Source Files</Filter>
    </ClCompile>
    <ClCompile Include="MDeptNoDlg.cpp">
      <Filter>Source Files</Filter>
    </ClCompile>
    <ClCompile Include="ModemDlg.cpp">
      <Filter>Source Files</Filter>
    </ClCompile>
    <ClCompile Include="OperatorLock.cpp">
      <Filter>Source Files</Filter>
    </ClCompile>
    <ClCompile Include="ParaCashier.cpp">
      <Filter>Source Files</Filter>
    </ClCompile>
    <ClCompile Include="ParaCoupon.cpp">
      <Filter>Source Files</Filter>
    </ClCompile>
    <ClCompile Include="ParaDept.cpp">
      <Filter>Source Files</Filter>
    </ClCompile>
    <ClCompile Include="ParaETK.cpp">
      <Filter>Source Files</Filter>
    </ClCompile>
    <ClCompile Include="ParaFlexMem.cpp">
      <Filter>Source Files</Filter>
    </ClCompile>
    <ClCompile Include="Parameter.cpp">
      <Filter>Source Files</Filter>
    </ClCompile>
    <ClCompile Include="ParaPlu.cpp">
      <Filter>Source Files</Filter>
    </ClCompile>
    <ClCompile Include="ParaStoreNo.cpp">
      <Filter>Source Files</Filter>
    </ClCompile>
    <ClCompile Include="PasswordDlg.cpp">
      <Filter>Source Files</Filter>
    </ClCompile>
    <ClCompile Include="PcIfPort.cpp">
      <Filter>Source Files</Filter>
    </ClCompile>
    <ClCompile Include="PCSample.cpp">
      <Filter>Source Files</Filter>
    </ClCompile>
    <ClCompile Include="PCSampleDoc.cpp">
      <Filter>Source Files</Filter>
    </ClCompile>
    <ClCompile Include="PCSampleView.cpp">
      <Filter>Source Files</Filter>
    </ClCompile>
    <ClCompile Include="PluAssignUpdate.cpp">
      <Filter>Source Files</Filter>
    </ClCompile>
    <ClCompile Include="ReportEJ.cpp">
      <Filter>Source Files</Filter>
    </ClCompile>
    <ClCompile Include="ReportEOD.cpp">
      <Filter>Source Files</Filter>
    </ClCompile>
    <ClCompile Include="SavedTotal.cpp">
      <Filter>Source Files</Filter>
    </ClCompile>
    <ClCompile Include="SendOpMessageDialog.cpp">
      <Filter>Source Files</Filter>
    </ClCompile>
    <ClCompile Include="SerialPortDlg.cpp">
      <Filter>Source Files</Filter>
    </ClCompile>
    <ClCompile Include="SignInLock.cpp">
      <Filter>Source Files</Filter>
    </ClCompile>
    <ClCompile Include="StdAfx.cpp">
      <Filter>Source Files</Filter>
    </ClCompile>
    <ClCompile Include="StoreNoDlg.cpp">
      <Filter>Source Files</Filter>
    </ClCompile>
    <ClCompile Include="TallyCPM.cpp">
      <Filter>Source Files</Filter>
    </ClCompile>
    <ClCompile Include="Terminal.cpp">
      <Filter>Source Files</Filter>
    </ClCompile>
    <ClCompile Include="TerminalNoDlg.cpp">
      <Filter>Source Files</Filter>
    </ClCompile>
    <ClCompile Include="Total.cpp">
      <Filter>Source Files</Filter>
    </ClCompile>
    <ClCompile Include="TtlCashier.cpp">
      <Filter>Source Files</Filter>
    </ClCompile>
    <ClCompile Include="TtlCoupon.cpp">
      <Filter>Source Files</Filter>
    </ClCompile>
    <ClCompile Include="TtlDept.cpp">
      <Filter>Source Files</Filter>
    </ClCompile>
    <ClCompile Include="TtlETK.cpp">
      <Filter>Source Files</Filter>
    </ClCompile>
    <ClCompile Include="TtlHourly.cpp">
      <Filter>Source Files</Filter>
    </ClCompile>
    <ClCompile Include="TtlIndFin.cpp">
      <Filter>Source Files</Filter>
    </ClCompile>
    <ClCompile Include="TtlPlu.cpp">
      <Filter>Source Files</Filter>
    </ClCompile>
    <ClCompile Include="TtlRegFin.cpp">
      <Filter>Source Files</Filter>
    </ClCompile>
    <ClCompile Include="TtlServTime.cpp">
      <Filter>Source Files</Filter>
    </ClCompile>
    <ClCompile Include="RPageBase.cpp">
      <Filter>ConnectEngine</Filter>
    </ClCompile>
    <ClCompile Include="RPageCashierAction.cpp">
      <Filter>ConnectEngine</Filter>
    </ClCompile>
    <ClCompile Include="RPageConnect.cpp">
      <Filter>ConnectEngine</Filter>
    </ClCompile>
    <ClCompile Include="RPageEmployeeChange.cpp">
      <Filter>ConnectEngine</Filter>
    </ClCompile>
    <ClCompile Include="RPageGuestCheck.cpp">
      <Filter>ConnectEngine</Filter>
    </ClCompile>
    <ClCompile Include="RPropertySheet.cpp">
      <Filter>ConnectEngine</Filter>
    </ClCompile>
  </ItemGroup>
  <ItemGroup>
    <ResourceCompile Include="PCSample.rc">
      <Filter>Source Files</Filter>
    </ResourceCompile>
  </ItemGroup>
  <ItemGroup>
    <ClInclude Include="CashierNoDlg.h">
      <Filter>Header Files</Filter>
    </ClInclude>
    <ClInclude Include="DateTimeDlg.h">
      <Filter>Header Files</Filter>
    </ClInclude>
    <ClInclude Include="DeptNoDlg.h">
      <Filter>Header Files</Filter>
    </ClInclude>
    <ClInclude Include="DiaCashierAddEdit.h">
      <Filter>Header Files</Filter>
    </ClInclude>
    <ClInclude Include="DiaCashierEdit.h">
      <Filter>Header Files</Filter>
    </ClInclude>
    <ClInclude Include="GCNoDlg.h">
      <Filter>Header Files</Filter>
    </ClInclude>
    <ClInclude Include="Global.h">
      <Filter>Header Files</Filter>
    </ClInclude>
    <ClInclude Include="GuestCheck.h">
      <Filter>Header Files</Filter>
    </ClInclude>
    <ClInclude Include="LanDlg.h">
      <Filter>Header Files</Filter>
    </ClInclude>
    <ClInclude Include="LogonDlg.h">
      <Filter>Header Files</Filter>
    </ClInclude>
    <ClInclude Include="MainFrm.h">
      <Filter>Header Files</Filter>
    </ClInclude>
    <ClInclude Include="MDeptNoDlg.h">
      <Filter>Header Files</Filter>
    </ClInclude>
    <ClInclude Include="ModemDlg.h">
      <Filter>Header Files</Filter>
    </ClInclude>
    <ClInclude Include="Parameter.h">
      <Filter>Header Files</Filter>
    </ClInclude>
    <ClInclude Include="PasswordDlg.h">
      <Filter>Header Files</Filter>
    </ClInclude>
    <ClInclude Include="PCSample.h">
      <Filter>Header Files</Filter>
    </ClInclude>
    <ClInclude Include="PCSampleDoc.h">
      <Filter>Header Files</Filter>
    </ClInclude>
    <ClInclude Include="PCSampleView.h">
      <Filter>Header Files</Filter>
    </ClInclude>
    <ClInclude Include="PluAssignUpdate.h">
      <Filter>Header Files</Filter>
    </ClInclude>
    <ClInclude Include="ReportEJ.h">
      <Filter>Header Files</Filter>
    </ClInclude>
    <ClInclude Include="ReportEOD.h">
      <Filter>Header Files</Filter>
    </ClInclude>
    <ClInclude Include="resource.h">
      <Filter>Header Files</Filter>
    </ClInclude>
    <ClInclude Include="SavedTotal.h">
      <Filter>Header Files</Filter>
    </ClInclude>
    <ClInclude Include="SendOpMessageDialog.h">
      <Filter>Header Files</Filter>
    </ClInclude>
    <ClInclude Include="SerialPortDlg.h">
      <Filter>Header Files</Filter>
    </ClInclude>
    <ClInclude Include="StdAfx.h">
      <Filter>Header Files</Filter>
    </ClInclude>
    <ClInclude Include="StoreNoDlg.h">
      <Filter>Header Files</Filter>
    </ClInclude>
    <ClInclude Include="TallyCPM.h">
      <Filter>Header Files</Filter>
    </ClInclude>
    <ClInclude Include="Terminal.h">
      <Filter>Header Files</Filter>
    </ClInclude>
    <ClInclude Include="TerminalNoDlg.h">
      <Filter>Header Files</Filter>
    </ClInclude>
    <ClInclude Include="Total.h">
      <Filter>Header Files</Filter>
    </ClInclude>
    <ClInclude Include="TtlCashier.h">
      <Filter>Header Files</Filter>
    </ClInclude>
    <ClInclude Include="TtlCoupon.h">
      <Filter>Header Files</Filter>
    </ClInclude>
    <ClInclude Include="TtlDept.h">
      <Filter>Header Files</Filter>
    </ClInclude>
    <ClInclude Include="TtlETK.h">
      <Filter>Header Files</Filter>
    </ClInclude>
    <ClInclude Include="TtlHourly.h">
      <Filter>Header Files</Filter>
    </ClInclude>
    <ClInclude Include="TtlIndFin.h">
      <Filter>Header Files</Filter>
    </ClInclude>
    <ClInclude Include="TtlPlu.h">
      <Filter>Header Files</Filter>
    </ClInclude>
    <ClInclude Include="TtlRegFin.h">
      <Filter>Header Files</Filter>
    </ClInclude>
    <ClInclude Include="TtlServTime.h">
      <Filter>Header Files</Filter>
    </ClInclude>
    <ClInclude Include="RPageBase.h">
      <Filter>ConnectEngine</Filter>
    </ClInclude>
    <ClInclude Include="RPageCashierAction.h">
      <Filter>ConnectEngine</Filter>
    </ClInclude>
    <ClInclude Include="RPageConnect.h">
      <Filter>ConnectEngine</Filter>
    </ClInclude>
    <ClInclude Include="RPageEmployeeChange.h">
      <Filter>ConnectEngine</Filter>
    </ClInclude>
    <ClInclude Include="RPageGuestCheck.h">
      <Filter>ConnectEngine</Filter>
    </ClInclude>
    <ClInclude Include="RPropertySheet.h">
      <Filter>ConnectEngine</Filter>
    </ClInclude>
  </ItemGroup>
  <ItemGroup>
    <Image Include="RES\PCSample.ico">
      <Filter>Resource Files</Filter>
    </Image>
    <Image Include="RES\PCSampleDoc.ico">
      <Filter>Resource Files</Filter>
    </Image>
    <Image Include="RES\Toolbar.bmp">
      <Filter>Resource Files</Filter>
    </Image>
  </ItemGroup>
  <ItemGroup>
    <None Include="RES\PCSample.rc2">
      <Filter>Resource Files</Filter>
    </None>
  </ItemGroup>
  <ItemGroup>
    <Xml Include="ConnectEngineText.xml">
      <Filter>ConnectEngine</Filter>
    </Xml>
  </ItemGroup>
  <ItemGroup>
    <Text Include="Notes.txt">
      <Filter>ConnectEngine</Filter>
    </Text>
  </ItemGroup>
</Project>